
Microsoft Visual Studio Solution File, Format Version 12.00
# Visual Studio Version 17
VisualStudioVersion = 17.9.34714.143
MinimumVisualStudioVersion = 10.0.40219.1
Project("{9A19103F-16F7-4668-BE54-9A1E7A4F7556}") = "MyLibrary", "MyLibrary\MyLibrary.csproj", "{FEEA276D-5FC8-4752-BEEB-4B8FE5BD864C}"
EndProject
Project("{FAE04EC0-301F-11D3-BF4B-00C04F79EFBC}") = "ConsoleApp", "ConsoleApp\ConsoleApp.csproj", "{086D5CAD-5A7F-4D2F-ABD1-CB2B86EE6ABC}"
EndProject
Global
	GlobalSection(SolutionConfigurationPlatforms) = preSolution
		Debug|Any CPU = Debug|Any CPU
		Release|Any CPU = Release|Any CPU
	EndGlobalSection
	GlobalSection(ProjectConfigurationPlatforms) = postSolution
		{FEEA276D-5FC8-4752-BEEB-4B8FE5BD864C}.Debug|Any CPU.ActiveCfg = Debug|Any CPU
		{FEEA276D-5FC8-4752-BEEB-4B8FE5BD864C}.Debug|Any CPU.Build.0 = Debug|Any CPU
		{FEEA276D-5FC8-4752-BEEB-4B8FE5BD864C}.Release|Any CPU.ActiveCfg = Release|Any CPU
		{FEEA276D-5FC8-4752-BEEB-4B8FE5BD864C}.Release|Any CPU.Build.0 = Release|Any CPU
		{086D5CAD-5A7F-4D2F-ABD1-CB2B86EE6ABC}.Debug|Any CPU.ActiveCfg = Debug|Any CPU
		{086D5CAD-5A7F-4D2F-ABD1-CB2B86EE6ABC}.Debug|Any CPU.Build.0 = Debug|Any CPU
		{086D5CAD-5A7F-4D2F-ABD1-CB2B86EE6ABC}.Release|Any CPU.ActiveCfg = Release|Any CPU
		{086D5CAD-5A7F-4D2F-ABD1-CB2B86EE6ABC}.Release|Any CPU.Build.0 = Release|Any CPU
	EndGlobalSection
	GlobalSection(SolutionProperties) = preSolution
		HideSolutionNode = FALSE
	EndGlobalSection
	GlobalSection(ExtensibilityGlobals) = postSolution
		SolutionGuid = {4E064459-A487-4AE0-9AD3-229AF2D5735C}
	EndGlobalSection
EndGlobal
